// !$*UTF8*$!
{
	archiveVersion = 1;
	classes = {
	};
	objectVersion = 46;
	objects = {

/* Begin PBXBuildFile section */
		E8653EBA1D80F21600237575 /* main.m in Sources */ = {isa = PBXBuildFile; fileRef = E8653EB91D80F21600237575 /* main.m */; };
		E8653EBD1D80F21600237575 /* AppDelegate.m in Sources */ = {isa = PBXBuildFile; fileRef = E8653EBC1D80F21600237575 /* AppDelegate.m */; };
		E8653EC01D80F21600237575 /* ViewController.m in Sources */ = {isa = PBXBuildFile; fileRef = E8653EBF1D80F21600237575 /* ViewController.m */; };
		E8653EC31D80F21600237575 /* Main.storyboard in Resources */ = {isa = PBXBuildFile; fileRef = E8653EC11D80F21600237575 /* Main.storyboard */; };
		E8653EC51D80F21600237575 /* Assets.xcassets in Resources */ = {isa = PBXBuildFile; fileRef = E8653EC41D80F21600237575 /* Assets.xcassets */; };
		E8653EC81D80F21600237575 /* LaunchScreen.storyboard in Resources */ = {isa = PBXBuildFile; fileRef = E8653EC61D80F21600237575 /* LaunchScreen.storyboard */; };
		E8653ED01D80F2F100237575 /* HeaderView.xib in Resources */ = {isa = PBXBuildFile; fileRef = E8653ECF1D80F2F100237575 /* HeaderView.xib */; };
		E8653ED31D80F7BB00237575 /* UIColor+RandomColor.m in Sources */ = {isa = PBXBuildFile; fileRef = E8653ED21D80F7BB00237575 /* UIColor+RandomColor.m */; };
/* End PBXBuildFile section */

/* Begin PBXFileReference section */
		E8653EB51D80F21600237575 /* CollectionSimpleDemo.app */ = {isa = PBXFileReference; explicitFileType = wrapper.application; includeInIndex = 0; path = CollectionSimpleDemo.app; sourceTree = BUILT_PRODUCTS_DIR; };
		E8653EB91D80F21600237575 /* main.m */ = {isa = PBXFileReference; lastKnownFileType = sourcecode.c.objc; path = main.m; sourceTree = "<group>"; };
		E8653EBB1D80F21600237575 /* AppDelegate.h */ = {isa = PBXFileReference; lastKnownFileType = sourcecode.c.h; path = AppDelegate.h; sourceTree = "<group>"; };
		E8653EBC1D80F21600237575 /* AppDelegate.m */ = {isa = PBXFileReference; lastKnownFileType = sourcecode.c.objc; path = AppDelegate.m; sourceTree = "<group>"; };
		E8653EBE1D80F21600237575 /* ViewController.h */ = {isa = PBXFileReference; lastKnownFileType = sourcecode.c.h; path = ViewController.h; sourceTree = "<group>"; };
		E8653EBF1D80F21600237575 /* ViewController.m */ = {isa = PBXFileReference; lastKnownFileType = sourcecode.c.objc; path = ViewController.m; sourceTree = "<group>"; };
		E8653EC21D80F21600237575 /* Base */ = {isa = PBXFileReference; lastKnownFileType = file.storyboard; name = Base; path = Base.lproj/Main.storyboard; sourceTree = "<group>"; };
		E8653EC41D80F21600237575 /* Assets.xcassets */ = {isa = PBXFileReference; lastKnownFileType = folder.assetcatalog; path = Assets.xcassets; sourceTree = "<group>"; };
		E8653EC71D80F21600237575 /* Base */ = {isa = PBXFileReference; lastKnownFileType = file.storyboard; name = Base; path = Base.lproj/LaunchScreen.storyboard; sourceTree = "<group>"; };
		E8653EC91D80F21600237575 /* Info.plist */ = {isa = PBXFileReference; lastKnownFileType = text.plist.xml; path = Info.plist; sourceTree = "<group>"; };
		E8653ECF1D80F2F100237575 /* HeaderView.xib */ = {isa = PBXFileReference; fileEncoding = 4; lastKnownFileType = file.xib; path = HeaderView.xib; sourceTree = "<group>"; };
		E8653ED11D80F7BB00237575 /* UIColor+RandomColor.h */ = {isa = PBXFileReference; fileEncoding = 4; lastKnownFileType = sourcecode.c.h; path = "UIColor+RandomColor.h"; sourceTree = "<group>"; };
		E8653ED21D80F7BB00237575 /* UIColor+RandomColor.m */ = {isa = PBXFileReference; fileEncoding = 4; lastKnownFileType = sourcecode.c.objc; path = "UIColor+RandomColor.m"; sourceTree = "<group>"; };
/* End PBXFileReference section */

/* Begin PBXFrameworksBuildPhase section */
		E8653EB21D80F21600237575 /* Frameworks */ = {
			isa = PBXFrameworksBuildPhase;
			buildActionMask = 2147483647;
			files = (
			);
			runOnlyForDeploymentPostprocessing = 0;
		};
/* End PBXFrameworksBuildPhase section */

/* Begin PBXGroup section */
		E8653EAC1D80F21600237575 = {
			isa = PBXGroup;
			children = (
				E8653EB71D80F21600237575 /* CollectionSimpleDemo */,
				E8653EB61D80F21600237575 /* Products */,
			);
			sourceTree = "<group>";
		};
		E8653EB61D80F21600237575 /* Products */ = {
			isa = PBXGroup;
			children = (
				E8653EB51D80F21600237575 /* CollectionSimpleDemo.app */,
			);
			name = Products;
			sourceTree = "<group>";
		};
		E8653EB71D80F21600237575 /* CollectionSimpleDemo */ = {
			isa = PBXGroup;
			children = (
				E8653EBB1D80F21600237575 /* AppDelegate.h */,
				E8653EBC1D80F21600237575 /* AppDelegate.m */,
				E8653EBE1D80F21600237575 /* ViewController.h */,
				E8653EBF1D80F21600237575 /* ViewController.m */,
				E8653EC11D80F21600237575 /* Main.storyboard */,
				E8653EC41D80F21600237575 /* Assets.xcassets */,
				E8653EC61D80F21600237575 /* LaunchScreen.storyboard */,
				E8653EC91D80F21600237575 /* Info.plist */,
				E8653EB81D80F21600237575 /* Supporting Files */,
				E8653ECF1D80F2F100237575 /* HeaderView.xib */,
				E8653ED11D80F7BB00237575 /* UIColor+RandomColor.h */,
				E8653ED21D80F7BB00237575 /* UIColor+RandomColor.m */,
			);
			path = CollectionSimpleDemo;
			sourceTree = "<group>";
		};
		E8653EB81D80F21600237575 /* Supporting Files */ = {
			isa = PBXGroup;
			children = (
				E8653EB91D80F21600237575 /* main.m */,
			);
			name = "Supporting Files";
			sourceTree = "<group>";
		};
/* End PBXGroup section */

/* Begin PBXNativeTarget section */
		E8653EB41D80F21600237575 /* CollectionSimpleDemo */ = {
			isa = PBXNativeTarget;
			buildConfigurationList = E8653ECC1D80F21600237575 /* Build configuration list for PBXNativeTarget "CollectionSimpleDemo" */;
			buildPhases = (
				E8653EB11D80F21600237575 /* Sources */,
				E8653EB21D80F21600237575 /* Frameworks */,
				E8653EB31D80F21600237575 /* Resources */,
			);
			buildRules = (
			);
			dependencies = (
			);
			name = CollectionSimpleDemo;
			productName = CollectionSimpleDemo;
			productReference = E8653EB51D80F21600237575 /* CollectionSimpleDemo.app */;
			productType = "com.apple.product-type.application";
		};
/* End PBXNativeTarget section */

/* Begin PBXProject section */
		E8653EAD1D80F21600237575 /* Project object */ = {
			isa = PBXProject;
			attributes = {
				LastUpgradeCheck = 0730;
				ORGANIZATIONNAME = silence;
				TargetAttributes = {
					E8653EB41D80F21600237575 = {
						CreatedOnToolsVersion = 7.3.1;
					};
				};
			};
			buildConfigurationList = E8653EB01D80F21600237575 /* Build configuration list for PBXProject "CollectionSimpleDemo" */;
			compatibilityVersion = "Xcode 3.2";
			developmentRegion = English;
			hasScannedForEncodings = 0;
			knownRegions = (
				en,
				Base,
			);
			mainGroup = E8653EAC1D80F21600237575;
			productRefGroup = E8653EB61D80F21600237575 /* Products */;
			projectDirPath = "";
			projectRoot = "";
			targets = (
				E8653EB41D80F21600237575 /* CollectionSimpleDemo */,
			);
		};
/* End PBXProject section */

/* Begin PBXResourcesBuildPhase section */
		E8653EB31D80F21600237575 /* Resources */ = {
			isa = PBXResourcesBuildPhase;
			buildActionMask = 2147483647;
			files = (
				E8653EC81D80F21600237575 /* LaunchScreen.storyboard in Resources */,
				E8653EC51D80F21600237575 /* Assets.xcassets in Resources */,
				E8653EC31D80F21600237575 /* Main.storyboard in Resources */,
				E8653ED01D80F2F100237575 /* HeaderView.xib in Resources */,
			);
			runOnlyForDeploymentPostprocessing = 0;
		};
/* End PBXResourcesBuildPhase section */

/* Begin PBXSourcesBuildPhase section */
		E8653EB11D80F21600237575 /* Sources */ = {
			isa = PBXSourcesBuildPhase;
			buildActionMask = 2147483647;
			files = (
				E8653ED31D80F7BB00237575 /* UIColor+RandomColor.m in Sources */,
				E8653EC01D80F21600237575 /* ViewController.m in Sources */,
				E8653EBD1D80F21600237575 /* AppDelegate.m in Sources */,
				E8653EBA1D80F21600237575 /* main.m in Sources */,
			);
			runOnlyForDeploymentPostprocessing = 0;
		};
/* End PBXSourcesBuildPhase section */

/* Begin PBXVariantGroup section */
		E8653EC11D80F21600237575 /* Main.storyboard */ = {
			isa = PBXVariantGroup;
			children = (
				E8653EC21D80F21600237575 /* Base */,
			);
			name = Main.storyboard;
			sourceTree = "<group>";
		};
		E8653EC61D80F21600237575 /* LaunchScreen.storyboard */ = {
			isa = PBXVariantGroup;
			children = (
				E8653EC71D80F21600237575 /* Base */,
			);
			name = LaunchScreen.storyboard;
			sourceTree = "<group>";
		};
/* End PBXVariantGroup section */

/* Begin XCBuildConfiguration section */
		E8653ECA1D80F21600237575 /* Debug */ = {
			isa = XCBuildConfiguration;
			buildSettings = {
				ALWAYS_SEARCH_USER_PATHS = NO;
				CLANG_ANALYZER_NONNULL = YES;
				CLANG_CXX_LANGUAGE_STANDARD = "gnu++0x";
				CLANG_CXX_LIBRARY = "libc++";
				CLANG_ENABLE_MODULES = YES;
				CLANG_ENABLE_OBJC_ARC = YES;
				CLANG_WARN_BOOL_CONVERSION = YES;
				CLANG_WARN_CONSTANT_CONVERSION = YES;
				CLANG_WARN_DIRECT_OBJC_ISA_USAGE = YES_ERROR;
				CLANG_WARN_EMPTY_BODY = YES;
				CLANG_WARN_ENUM_CONVERSION = YES;
				CLANG_WARN_INT_CONVERSION = YES;
				CLANG_WARN_OBJC_ROOT_CLASS = YES_ERROR;
				CLANG_WARN_UNREACHABLE_CODE = YES;
				CLANG_WARN__DUPLICATE_METHOD_MATCH = YES;
				"CODE_SIGN_IDENTITY[sdk=iphoneos*]" = "iPhone Developer";
				COPY_PHASE_STRIP = NO;
				DEBUG_INFORMATION_FORMAT = dwarf;
				ENABLE_STRICT_OBJC_MSGSEND = YES;
				ENABLE_TESTABILITY = YES;
				GCC_C_LANGUAGE_STANDARD = gnu99;
				GCC_DYNAMIC_NO_PIC = NO;
				GCC_NO_COMMON_BLOCKS = YES;
				GCC_OPTIMIZATION_LEVEL = 0;
				GCC_PREPROCESSOR_DEFINITIONS = (
					"DEBUG=1",
					"$(inherited)",
				);
				GCC_WARN_64_TO_32_BIT_CONVERSION = YES;
				GCC_WARN_ABOUT_RETURN_TYPE = YES_ERROR;
				GCC_WARN_UNDECLARED_SELECTOR = YES;
				GCC_WARN_UNINITIALIZED_AUTOS = YES_AGGRESSIVE;
				GCC_WARN_UNUSED_FUNCTION = YES;
				GCC_WARN_UNUSED_VARIABLE = YES;
				IPHONEOS_DEPLOYMENT_TARGET = 9.3;
				MTL_ENABLE_DEBUG_INFO = YES;
				ONLY_ACTIVE_ARCH = YES;
				SDKROOT = iphoneos;
				TARGETED_DEVICE_FAMILY = "1,2";
			};
			name = Debug;
		};
		E8653ECB1D80F21600237575 /* Release */ = {
			isa = XCBuildConfiguration;
			buildSettings = {
				ALWAYS_SEARCH_USER_PATHS = NO;
				CLANG_ANALYZER_NONNULL = YES;
				CLANG_CXX_LANGUAGE_STANDARD = "gnu++0x";
				CLANG_CXX_LIBRARY = "libc++";
				CLANG_ENABLE_MODULES = YES;
				CLANG_ENABLE_OBJC_ARC = YES;
				CLANG_WARN_BOOL_CONVERSION = YES;
				CLANG_WARN_CONSTANT_CONVERSION = YES;
				CLANG_WARN_DIRECT_OBJC_ISA_USAGE = YES_ERROR;
				CLANG_WARN_EMPTY_BODY = YES;
				CLANG_WARN_ENUM_CONVERSION = YES;
				CLANG_WARN_INT_CONVERSION = YES;
				CLANG_WARN_OBJC_ROOT_CLASS = YES_ERROR;
				CLANG_WARN_UNREACHABLE_CODE = YES;
				CLANG_WARN__DUPLICATE_METHOD_MATCH = YES;
				"CODE_SIGN_IDENTITY[sdk=iphoneos*]" = "iPhone Developer";
				COPY_PHASE_STRIP = NO;
				DEBUG_INFORMATION_FORMAT = "dwarf-with-dsym";
				ENABLE_NS_ASSERTIONS = NO;
				ENABLE_STRICT_OBJC_MSGSEND = YES;
				GCC_C_LANGUAGE_STANDARD = gnu99;
				GCC_NO_COMMON_BLOCKS = YES;
				GCC_WARN_64_TO_32_BIT_CONVERSION = YES;
				GCC_WARN_ABOUT_RETURN_TYPE = YES_ERROR;
				GCC_WARN_UNDECLARED_SELECTOR = YES;
				GCC_WARN_UNINITIALIZED_AUTOS = YES_AGGRESSIVE;
				GCC_WARN_UNUSED_FUNCTION = YES;
				GCC_WARN_UNUSED_VARIABLE = YES;
				IPHONEOS_DEPLOYMENT_TARGET = 9.3;
				MTL_ENABLE_DEBUG_INFO = NO;
				SDKROOT = iphoneos;
				TARGETED_DEVICE_FAMILY = "1,2";
				VALIDATE_PRODUCT = YES;
			};
			name = Release;
		};
		E8653ECD1D80F21600237575 /* Debug */ = {
			isa = XCBuildConfiguration;
			buildSettings = {
				ASSETCATALOG_COMPILER_APPICON_NAME = AppIcon;
				INFOPLIST_FILE = CollectionSimpleDemo/Info.plist;
				LD_RUNPATH_SEARCH_PATHS = "$(inherited) @executable_path/Frameworks";
				PRODUCT_BUNDLE_IDENTIFIER = com.silence.CollectionSimpleDemo;
				PRODUCT_NAME = "$(TARGET_NAME)";
			};
			name = Debug;
		};
		E8653ECE1D80F21600237575 /* Release */ = {
			isa = XCBuildConfiguration;
			buildSettings = {
				ASSETCATALOG_COMPILER_APPICON_NAME = AppIcon;
				INFOPLIST_FILE = CollectionSimpleDemo/Info.plist;
				LD_RUNPATH_SEARCH_PATHS = "$(inherited) @executable_path/Frameworks";
				PRODUCT_BUNDLE_IDENTIFIER = com.silence.CollectionSimpleDemo;
				PRODUCT_NAME = "$(TARGET_NAME)";
			};
			name = Release;
		};
/* End XCBuildConfiguration section */

/* Begin XCConfigurationList section */
		E8653EB01D80F21600237575 /* Build configuration list for PBXProject "CollectionSimpleDemo" */ = {
			isa = XCConfigurationList;
			buildConfigurations = (
				E8653ECA1D80F21600237575 /* Debug */,
				E8653ECB1D80F21600237575 /* Release */,
			);
			defaultConfigurationIsVisible = 0;
			defaultConfigurationName = Release;
		};
		E8653ECC1D80F21600237575 /* Build configuration list for PBXNativeTarget "CollectionSimpleDemo" */ = {
			isa = XCConfigurationList;
			buildConfigurations = (
				E8653ECD1D80F21600237575 /* Debug */,
				E8653ECE1D80F21600237575 /* Release */,
			);
			defaultConfigurationIsVisible = 0;
		};
/* End XCConfigurationList section */
	};
	rootObject = E8653EAD1D80F21600237575 /* Project object */;
}
